
Microsoft Visual Studio Solution File, Format Version 12.00
# Visual Studio 15
VisualStudioVersion = 15.0.28010.2026
MinimumVisualStudioVersion = 10.0.40219.1
Project("{FAE04EC0-301F-11D3-BF4B-00C04F79EFBC}") = "Sudoku Solver", "Sudoku Solver\Sudoku Solver.csproj", "{413F9F46-6D01-4674-8BF4-2D2B9D6511AD}"
EndProject
Global
	GlobalSection(SolutionConfigurationPlatforms) = preSolution
		Debug|Any CPU = Debug|Any CPU
		Release|Any CPU = Release|Any CPU
	EndGlobalSection
	GlobalSection(ProjectConfigurationPlatforms) = postSolution
		{413F9F46-6D01-4674-8BF4-2D2B9D6511AD}.Debug|Any CPU.ActiveCfg = Debug|Any CPU
		{413F9F46-6D01-4674-8BF4-2D2B9D6511AD}.Debug|Any CPU.Build.0 = Debug|Any CPU
		{413F9F46-6D01-4674-8BF4-2D2B9D6511AD}.Release|Any CPU.ActiveCfg = Release|Any CPU
		{413F9F46-6D01-4674-8BF4-2D2B9D6511AD}.Release|Any CPU.Build.0 = Release|Any CPU
	EndGlobalSection
	GlobalSection(SolutionProperties) = preSolution
		HideSolutionNode = FALSE
	EndGlobalSection
	GlobalSection(ExtensibilityGlobals) = postSolution
		SolutionGuid = {A19DEEA3-9997-4F74-9BC0-E9FB5B4F9980}
	EndGlobalSection
EndGlobal
